
Microsoft Visual Studio Solution File, Format Version 12.00
# Visual Studio 14
VisualStudioVersion = 14.0.25420.1
MinimumVisualStudioVersion = 10.0.40219.1
Project("{FAE04EC0-301F-11D3-BF4B-00C04F79EFBC}") = "TTO0300", "TTO0300\TTO0300.csproj", "{36FF1DCA-A204-4256-9525-653DA4B293C0}"
EndProject
Project("{FAE04EC0-301F-11D3-BF4B-00C04F79EFBC}") = "TEHT2", "TEHT2\TEHT2.csproj", "{2934A77A-5883-4559-AA99-8DEBFEFABC93}"
EndProject
Project("{FAE04EC0-301F-11D3-BF4B-00C04F79EFBC}") = "TEHT3", "TEHT3\TEHT3.csproj", "{F857FFCB-36C7-43CE-8123-0B2736BDC281}"
EndProject
Project("{2150E333-8FDC-42A3-9474-1A3956D46DE8}") = "Labra10", "Labra10", "{B966BF03-AE91-4F25-9C66-5DB23BC374D5}"
EndProject
Project("{FAE04EC0-301F-11D3-BF4B-00C04F79EFBC}") = "TEHT-1", "TEHT-1\TEHT-1.csproj", "{F3BB6F2F-FE53-4AAD-BCB7-97BEFB55CAB8}"
EndProject
Project("{FAE04EC0-301F-11D3-BF4B-00C04F79EFBC}") = "TEHT-2", "TEHT-2\TEHT-2.csproj", "{1134AFE4-C6A4-4EB5-B719-D3E37648705A}"
EndProject
Project("{FAE04EC0-301F-11D3-BF4B-00C04F79EFBC}") = "TEHT-3", "TEHT-3\TEHT-3.csproj", "{A5E3CBD1-8B38-4B59-8869-BA4E1D0B9038}"
EndProject
Global
	GlobalSection(SolutionConfigurationPlatforms) = preSolution
		Debug|Any CPU = Debug|Any CPU
		Release|Any CPU = Release|Any CPU
	EndGlobalSection
	GlobalSection(ProjectConfigurationPlatforms) = postSolution
		{36FF1DCA-A204-4256-9525-653DA4B293C0}.Debug|Any CPU.ActiveCfg = Debug|Any CPU
		{36FF1DCA-A204-4256-9525-653DA4B293C0}.Debug|Any CPU.Build.0 = Debug|Any CPU
		{36FF1DCA-A204-4256-9525-653DA4B293C0}.Release|Any CPU.ActiveCfg = Release|Any CPU
		{36FF1DCA-A204-4256-9525-653DA4B293C0}.Release|Any CPU.Build.0 = Release|Any CPU
		{2934A77A-5883-4559-AA99-8DEBFEFABC93}.Debug|Any CPU.ActiveCfg = Debug|Any CPU
		{2934A77A-5883-4559-AA99-8DEBFEFABC93}.Debug|Any CPU.Build.0 = Debug|Any CPU
		{2934A77A-5883-4559-AA99-8DEBFEFABC93}.Release|Any CPU.ActiveCfg = Release|Any CPU
		{2934A77A-5883-4559-AA99-8DEBFEFABC93}.Release|Any CPU.Build.0 = Release|Any CPU
		{F857FFCB-36C7-43CE-8123-0B2736BDC281}.Debug|Any CPU.ActiveCfg = Debug|Any CPU
		{F857FFCB-36C7-43CE-8123-0B2736BDC281}.Debug|Any CPU.Build.0 = Debug|Any CPU
		{F857FFCB-36C7-43CE-8123-0B2736BDC281}.Release|Any CPU.ActiveCfg = Release|Any CPU
		{F857FFCB-36C7-43CE-8123-0B2736BDC281}.Release|Any CPU.Build.0 = Release|Any CPU
		{F3BB6F2F-FE53-4AAD-BCB7-97BEFB55CAB8}.Debug|Any CPU.ActiveCfg = Debug|Any CPU
		{F3BB6F2F-FE53-4AAD-BCB7-97BEFB55CAB8}.Debug|Any CPU.Build.0 = Debug|Any CPU
		{F3BB6F2F-FE53-4AAD-BCB7-97BEFB55CAB8}.Release|Any CPU.ActiveCfg = Release|Any CPU
		{F3BB6F2F-FE53-4AAD-BCB7-97BEFB55CAB8}.Release|Any CPU.Build.0 = Release|Any CPU
		{1134AFE4-C6A4-4EB5-B719-D3E37648705A}.Debug|Any CPU.ActiveCfg = Debug|Any CPU
		{1134AFE4-C6A4-4EB5-B719-D3E37648705A}.Debug|Any CPU.Build.0 = Debug|Any CPU
		{1134AFE4-C6A4-4EB5-B719-D3E37648705A}.Release|Any CPU.ActiveCfg = Release|Any CPU
		{1134AFE4-C6A4-4EB5-B719-D3E37648705A}.Release|Any CPU.Build.0 = Release|Any CPU
		{A5E3CBD1-8B38-4B59-8869-BA4E1D0B9038}.Debug|Any CPU.ActiveCfg = Debug|Any CPU
		{A5E3CBD1-8B38-4B59-8869-BA4E1D0B9038}.Debug|Any CPU.Build.0 = Debug|Any CPU
		{A5E3CBD1-8B38-4B59-8869-BA4E1D0B9038}.Release|Any CPU.ActiveCfg = Release|Any CPU
		{A5E3CBD1-8B38-4B59-8869-BA4E1D0B9038}.Release|Any CPU.Build.0 = Release|Any CPU
	EndGlobalSection
	GlobalSection(SolutionProperties) = preSolution
		HideSolutionNode = FALSE
	EndGlobalSection
	GlobalSection(NestedProjects) = preSolution
		{F3BB6F2F-FE53-4AAD-BCB7-97BEFB55CAB8} = {B966BF03-AE91-4F25-9C66-5DB23BC374D5}
		{1134AFE4-C6A4-4EB5-B719-D3E37648705A} = {B966BF03-AE91-4F25-9C66-5DB23BC374D5}
		{A5E3CBD1-8B38-4B59-8869-BA4E1D0B9038} = {B966BF03-AE91-4F25-9C66-5DB23BC374D5}
	EndGlobalSection
EndGlobal
